// !$*UTF8*$!
{
	archiveVersion = 1;
	classes = {
	};
	objectVersion = 56;
	objects = {

/* Begin PBXBuildFile section */
		D09410C128EB67D5002FC78F /* iOSApp.swift in Sources */ = {isa = PBXBuildFile; fileRef = D09410C028EB67D5002FC78F /* iOSApp.swift */; };
		D09410C328EB67D5002FC78F /* ContentView.swift in Sources */ = {isa = PBXBuildFile; fileRef = D09410C228EB67D5002FC78F /* ContentView.swift */; };
		D09410C528EB67D7002FC78F /* Assets.xcassets in Resources */ = {isa = PBXBuildFile; fileRef = D09410C428EB67D7002FC78F /* Assets.xcassets */; };
		D09410C828EB67D7002FC78F /* Preview Assets.xcassets in Resources */ = {isa = PBXBuildFile; fileRef = D09410C728EB67D7002FC78F /* Preview Assets.xcassets */; };
		D09410D328EB685F002FC78F /* iPadOSApp.swift in Sources */ = {isa = PBXBuildFile; fileRef = D09410D228EB685F002FC78F /* iPadOSApp.swift */; };
		D09410D528EB685F002FC78F /* ContentView.swift in Sources */ = {isa = PBXBuildFile; fileRef = D09410D428EB685F002FC78F /* ContentView.swift */; };
		D09410D728EB6860002FC78F /* Assets.xcassets in Resources */ = {isa = PBXBuildFile; fileRef = D09410D628EB6860002FC78F /* Assets.xcassets */; };
		D09410DA28EB6860002FC78F /* Preview Assets.xcassets in Resources */ = {isa = PBXBuildFile; fileRef = D09410D928EB6860002FC78F /* Preview Assets.xcassets */; };
		D09410E528EB686B002FC78F /* macOSApp.swift in Sources */ = {isa = PBXBuildFile; fileRef = D09410E428EB686B002FC78F /* macOSApp.swift */; };
		D09410E728EB686B002FC78F /* ContentView.swift in Sources */ = {isa = PBXBuildFile; fileRef = D09410E628EB686B002FC78F /* ContentView.swift */; };
		D09410E928EB686C002FC78F /* Assets.xcassets in Resources */ = {isa = PBXBuildFile; fileRef = D09410E828EB686C002FC78F /* Assets.xcassets */; };
		D09410EC28EB686C002FC78F /* Preview Assets.xcassets in Resources */ = {isa = PBXBuildFile; fileRef = D09410EB28EB686C002FC78F /* Preview Assets.xcassets */; };
/* End PBXBuildFile section */

/* Begin PBXFileReference section */
		D09410BE28EB67D5002FC78F /* CurriculumVitae (iOS).app */ = {isa = PBXFileReference; explicitFileType = wrapper.application; includeInIndex = 0; path = "CurriculumVitae (iOS).app"; sourceTree = BUILT_PRODUCTS_DIR; };
		D09410C028EB67D5002FC78F /* iOSApp.swift */ = {isa = PBXFileReference; lastKnownFileType = sourcecode.swift; path = iOSApp.swift; sourceTree = "<group>"; };
		D09410C228EB67D5002FC78F /* ContentView.swift */ = {isa = PBXFileReference; lastKnownFileType = sourcecode.swift; path = ContentView.swift; sourceTree = "<group>"; };
		D09410C428EB67D7002FC78F /* Assets.xcassets */ = {isa = PBXFileReference; lastKnownFileType = folder.assetcatalog; path = Assets.xcassets; sourceTree = "<group>"; };
		D09410C728EB67D7002FC78F /* Preview Assets.xcassets */ = {isa = PBXFileReference; lastKnownFileType = folder.assetcatalog; path = "Preview Assets.xcassets"; sourceTree = "<group>"; };
		D09410D028EB685E002FC78F /* CurriculumVitae (iPadOS).app */ = {isa = PBXFileReference; explicitFileType = wrapper.application; includeInIndex = 0; path = "CurriculumVitae (iPadOS).app"; sourceTree = BUILT_PRODUCTS_DIR; };
		D09410D228EB685F002FC78F /* iPadOSApp.swift */ = {isa = PBXFileReference; lastKnownFileType = sourcecode.swift; path = iPadOSApp.swift; sourceTree = "<group>"; };
		D09410D428EB685F002FC78F /* ContentView.swift */ = {isa = PBXFileReference; lastKnownFileType = sourcecode.swift; path = ContentView.swift; sourceTree = "<group>"; };
		D09410D628EB6860002FC78F /* Assets.xcassets */ = {isa = PBXFileReference; lastKnownFileType = folder.assetcatalog; path = Assets.xcassets; sourceTree = "<group>"; };
		D09410D928EB6860002FC78F /* Preview Assets.xcassets */ = {isa = PBXFileReference; lastKnownFileType = folder.assetcatalog; path = "Preview Assets.xcassets"; sourceTree = "<group>"; };
		D09410E228EB686A002FC78F /* CurriculumVitae (macOS).app */ = {isa = PBXFileReference; explicitFileType = wrapper.application; includeInIndex = 0; path = "CurriculumVitae (macOS).app"; sourceTree = BUILT_PRODUCTS_DIR; };
		D09410E428EB686B002FC78F /* macOSApp.swift */ = {isa = PBXFileReference; lastKnownFileType = sourcecode.swift; path = macOSApp.swift; sourceTree = "<group>"; };
		D09410E628EB686B002FC78F /* ContentView.swift */ = {isa = PBXFileReference; lastKnownFileType = sourcecode.swift; path = ContentView.swift; sourceTree = "<group>"; };
		D09410E828EB686C002FC78F /* Assets.xcassets */ = {isa = PBXFileReference; lastKnownFileType = folder.assetcatalog; path = Assets.xcassets; sourceTree = "<group>"; };
		D09410EB28EB686C002FC78F /* Preview Assets.xcassets */ = {isa = PBXFileReference; lastKnownFileType = folder.assetcatalog; path = "Preview Assets.xcassets"; sourceTree = "<group>"; };
		D09410ED28EB686C002FC78F /* macOS.entitlements */ = {isa = PBXFileReference; lastKnownFileType = text.plist.entitlements; path = macOS.entitlements; sourceTree = "<group>"; };
/* End PBXFileReference section */

/* Begin PBXFrameworksBuildPhase section */
		D09410BB28EB67D5002FC78F /* Frameworks */ = {
			isa = PBXFrameworksBuildPhase;
			buildActionMask = 2147483647;
			files = (
			);
			runOnlyForDeploymentPostprocessing = 0;
		};
		D09410CD28EB685E002FC78F /* Frameworks */ = {
			isa = PBXFrameworksBuildPhase;
			buildActionMask = 2147483647;
			files = (
			);
			runOnlyForDeploymentPostprocessing = 0;
		};
		D09410DF28EB686A002FC78F /* Frameworks */ = {
			isa = PBXFrameworksBuildPhase;
			buildActionMask = 2147483647;
			files = (
			);
			runOnlyForDeploymentPostprocessing = 0;
		};
/* End PBXFrameworksBuildPhase section */

/* Begin PBXGroup section */
		D09410BF28EB67D5002FC78F /* iOS */ = {
			isa = PBXGroup;
			children = (
				D09410C028EB67D5002FC78F /* iOSApp.swift */,
				D09410C228EB67D5002FC78F /* ContentView.swift */,
				D09410C428EB67D7002FC78F /* Assets.xcassets */,
				D09410C628EB67D7002FC78F /* Preview Content */,
			);
			path = iOS;
			sourceTree = "<group>";
		};
		D09410C628EB67D7002FC78F /* Preview Content */ = {
			isa = PBXGroup;
			children = (
				D09410C728EB67D7002FC78F /* Preview Assets.xcassets */,
			);
			path = "Preview Content";
			sourceTree = "<group>";
		};
		D09410D128EB685F002FC78F /* iPadOS */ = {
			isa = PBXGroup;
			children = (
				D09410D228EB685F002FC78F /* iPadOSApp.swift */,
				D09410D428EB685F002FC78F /* ContentView.swift */,
				D09410D628EB6860002FC78F /* Assets.xcassets */,
				D09410D828EB6860002FC78F /* Preview Content */,
			);
			path = iPadOS;
			sourceTree = "<group>";
		};
		D09410D828EB6860002FC78F /* Preview Content */ = {
			isa = PBXGroup;
			children = (
				D09410D928EB6860002FC78F /* Preview Assets.xcassets */,
			);
			path = "Preview Content";
			sourceTree = "<group>";
		};
		D09410E328EB686B002FC78F /* macOS */ = {
			isa = PBXGroup;
			children = (
				D09410E428EB686B002FC78F /* macOSApp.swift */,
				D09410E628EB686B002FC78F /* ContentView.swift */,
				D09410E828EB686C002FC78F /* Assets.xcassets */,
				D09410ED28EB686C002FC78F /* macOS.entitlements */,
				D09410EA28EB686C002FC78F /* Preview Content */,
			);
			path = macOS;
			sourceTree = "<group>";
		};
		D09410EA28EB686C002FC78F /* Preview Content */ = {
			isa = PBXGroup;
			children = (
				D09410EB28EB686C002FC78F /* Preview Assets.xcassets */,
			);
			path = "Preview Content";
			sourceTree = "<group>";
		};
		D09410F128EB69FB002FC78F /* Shared */ = {
			isa = PBXGroup;
			children = (
			);
			path = Shared;
			sourceTree = "<group>";
		};
		D0F0273828EB404D00F75DF7 = {
			isa = PBXGroup;
			children = (
				D09410BF28EB67D5002FC78F /* iOS */,
				D09410D128EB685F002FC78F /* iPadOS */,
				D09410E328EB686B002FC78F /* macOS */,
				D09410F128EB69FB002FC78F /* Shared */,
				D0F0274228EB404D00F75DF7 /* Products */,
			);
			sourceTree = "<group>";
		};
		D0F0274228EB404D00F75DF7 /* Products */ = {
			isa = PBXGroup;
			children = (
				D09410BE28EB67D5002FC78F /* CurriculumVitae (iOS).app */,
				D09410D028EB685E002FC78F /* CurriculumVitae (iPadOS).app */,
				D09410E228EB686A002FC78F /* CurriculumVitae (macOS).app */,
			);
			name = Products;
			sourceTree = "<group>";
		};
/* End PBXGroup section */

/* Begin PBXNativeTarget section */
		D09410BD28EB67D5002FC78F /* CurriculumVitae (iOS) */ = {
			isa = PBXNativeTarget;
			buildConfigurationList = D09410C928EB67D7002FC78F /* Build configuration list for PBXNativeTarget "CurriculumVitae (iOS)" */;
			buildPhases = (
				D09410BA28EB67D5002FC78F /* Sources */,
				D09410BB28EB67D5002FC78F /* Frameworks */,
				D09410BC28EB67D5002FC78F /* Resources */,
			);
			buildRules = (
			);
			dependencies = (
			);
			name = "CurriculumVitae (iOS)";
			productName = iOS;
			productReference = D09410BE28EB67D5002FC78F /* CurriculumVitae (iOS).app */;
			productType = "com.apple.product-type.application";
		};
		D09410CF28EB685E002FC78F /* CurriculumVitae (iPadOS) */ = {
			isa = PBXNativeTarget;
			buildConfigurationList = D09410DB28EB6860002FC78F /* Build configuration list for PBXNativeTarget "CurriculumVitae (iPadOS)" */;
			buildPhases = (
				D09410CC28EB685E002FC78F /* Sources */,
				D09410CD28EB685E002FC78F /* Frameworks */,
				D09410CE28EB685E002FC78F /* Resources */,
			);
			buildRules = (
			);
			dependencies = (
			);
			name = "CurriculumVitae (iPadOS)";
			productName = iPadOS;
			productReference = D09410D028EB685E002FC78F /* CurriculumVitae (iPadOS).app */;
			productType = "com.apple.product-type.application";
		};
		D09410E128EB686A002FC78F /* CurriculumVitae (macOS) */ = {
			isa = PBXNativeTarget;
			buildConfigurationList = D09410EE28EB686C002FC78F /* Build configuration list for PBXNativeTarget "CurriculumVitae (macOS)" */;
			buildPhases = (
				D09410DE28EB686A002FC78F /* Sources */,
				D09410DF28EB686A002FC78F /* Frameworks */,
				D09410E028EB686A002FC78F /* Resources */,
			);
			buildRules = (
			);
			dependencies = (
			);
			name = "CurriculumVitae (macOS)";
			productName = macOS;
			productReference = D09410E228EB686A002FC78F /* CurriculumVitae (macOS).app */;
			productType = "com.apple.product-type.application";
		};
/* End PBXNativeTarget section */

/* Begin PBXProject section */
		D0F0273928EB404D00F75DF7 /* Project object */ = {
			isa = PBXProject;
			attributes = {
				BuildIndependentTargetsInParallel = 1;
				LastSwiftUpdateCheck = 1400;
				LastUpgradeCheck = 1400;
				TargetAttributes = {
					D09410BD28EB67D5002FC78F = {
						CreatedOnToolsVersion = 14.0.1;
					};
					D09410CF28EB685E002FC78F = {
						CreatedOnToolsVersion = 14.0.1;
					};
					D09410E128EB686A002FC78F = {
						CreatedOnToolsVersion = 14.0.1;
					};
				};
			};
			buildConfigurationList = D0F0273C28EB404D00F75DF7 /* Build configuration list for PBXProject "CurriculumVitae" */;
			compatibilityVersion = "Xcode 14.0";
			developmentRegion = en;
			hasScannedForEncodings = 0;
			knownRegions = (
				en,
				Base,
			);
			mainGroup = D0F0273828EB404D00F75DF7;
			productRefGroup = D0F0274228EB404D00F75DF7 /* Products */;
			projectDirPath = "";
			projectRoot = "";
			targets = (
				D09410BD28EB67D5002FC78F /* CurriculumVitae (iOS) */,
				D09410CF28EB685E002FC78F /* CurriculumVitae (iPadOS) */,
				D09410E128EB686A002FC78F /* CurriculumVitae (macOS) */,
			);
		};
/* End PBXProject section */

/* Begin PBXResourcesBuildPhase section */
		D09410BC28EB67D5002FC78F /* Resources */ = {
			isa = PBXResourcesBuildPhase;
			buildActionMask = 2147483647;
			files = (
				D09410C828EB67D7002FC78F /* Preview Assets.xcassets in Resources */,
				D09410C528EB67D7002FC78F /* Assets.xcassets in Resources */,
			);
			runOnlyForDeploymentPostprocessing = 0;
		};
		D09410CE28EB685E002FC78F /* Resources */ = {
			isa = PBXResourcesBuildPhase;
			buildActionMask = 2147483647;
			files = (
				D09410DA28EB6860002FC78F /* Preview Assets.xcassets in Resources */,
				D09410D728EB6860002FC78F /* Assets.xcassets in Resources */,
			);
			runOnlyForDeploymentPostprocessing = 0;
		};
		D09410E028EB686A002FC78F /* Resources */ = {
			isa = PBXResourcesBuildPhase;
			buildActionMask = 2147483647;
			files = (
				D09410EC28EB686C002FC78F /* Preview Assets.xcassets in Resources */,
				D09410E928EB686C002FC78F /* Assets.xcassets in Resources */,
			);
			runOnlyForDeploymentPostprocessing = 0;
		};
/* End PBXResourcesBuildPhase section */

/* Begin PBXSourcesBuildPhase section */
		D09410BA28EB67D5002FC78F /* Sources */ = {
			isa = PBXSourcesBuildPhase;
			buildActionMask = 2147483647;
			files = (
				D09410C328EB67D5002FC78F /* ContentView.swift in Sources */,
				D09410C128EB67D5002FC78F /* iOSApp.swift in Sources */,
			);
			runOnlyForDeploymentPostprocessing = 0;
		};
		D09410CC28EB685E002FC78F /* Sources */ = {
			isa = PBXSourcesBuildPhase;
			buildActionMask = 2147483647;
			files = (
				D09410D528EB685F002FC78F /* ContentView.swift in Sources */,
				D09410D328EB685F002FC78F /* iPadOSApp.swift in Sources */,
			);
			runOnlyForDeploymentPostprocessing = 0;
		};
		D09410DE28EB686A002FC78F /* Sources */ = {
			isa = PBXSourcesBuildPhase;
			buildActionMask = 2147483647;
			files = (
				D09410E728EB686B002FC78F /* ContentView.swift in Sources */,
				D09410E528EB686B002FC78F /* macOSApp.swift in Sources */,
			);
			runOnlyForDeploymentPostprocessing = 0;
		};
/* End PBXSourcesBuildPhase section */

/* Begin XCBuildConfiguration section */
		D09410CA28EB67D7002FC78F /* Debug */ = {
			isa = XCBuildConfiguration;
			buildSettings = {
				ASSETCATALOG_COMPILER_APPICON_NAME = AppIcon;
				ASSETCATALOG_COMPILER_GLOBAL_ACCENT_COLOR_NAME = AccentColor;
				CODE_SIGN_STYLE = Automatic;
				CURRENT_PROJECT_VERSION = 1;
				DEVELOPMENT_ASSET_PATHS = "\"iOS/Preview Content\"";
				DEVELOPMENT_TEAM = JFQR2M654C;
				ENABLE_PREVIEWS = YES;
				GENERATE_INFOPLIST_FILE = YES;
				INFOPLIST_KEY_UIApplicationSceneManifest_Generation = YES;
				INFOPLIST_KEY_UIApplicationSupportsIndirectInputEvents = YES;
				INFOPLIST_KEY_UILaunchScreen_Generation = YES;
				INFOPLIST_KEY_UISupportedInterfaceOrientations = UIInterfaceOrientationPortrait;
				INFOPLIST_KEY_UISupportedInterfaceOrientations_iPad = "UIInterfaceOrientationLandscapeLeft UIInterfaceOrientationLandscapeRight UIInterfaceOrientationPortrait UIInterfaceOrientationPortraitUpsideDown";
				LD_RUNPATH_SEARCH_PATHS = (
					"$(inherited)",
					"@executable_path/Frameworks",
				);
				MARKETING_VERSION = 1.0;
				PRODUCT_BUNDLE_IDENTIFIER = no.teisrud.iOS;
				PRODUCT_NAME = "$(TARGET_NAME)";
				SUPPORTED_PLATFORMS = "iphoneos iphonesimulator";
				SUPPORTS_MACCATALYST = NO;
				SUPPORTS_MAC_DESIGNED_FOR_IPHONE_IPAD = NO;
				SWIFT_EMIT_LOC_STRINGS = YES;
				SWIFT_VERSION = 5.0;
				TARGETED_DEVICE_FAMILY = 1;
			};
			name = Debug;
		};
		D09410CB28EB67D7002FC78F /* Release */ = {
			isa = XCBuildConfiguration;
			buildSettings = {
				ASSETCATALOG_COMPILER_APPICON_NAME = AppIcon;
				ASSETCATALOG_COMPILER_GLOBAL_ACCENT_COLOR_NAME = AccentColor;
				CODE_SIGN_STYLE = Automatic;
				CURRENT_PROJECT_VERSION = 1;
				DEVELOPMENT_ASSET_PATHS = "\"iOS/Preview Content\"";
				DEVELOPMENT_TEAM = JFQR2M654C;
				ENABLE_PREVIEWS = YES;
				GENERATE_INFOPLIST_FILE = YES;
				INFOPLIST_KEY_UIApplicationSceneManifest_Generation = YES;
				INFOPLIST_KEY_UIApplicationSupportsIndirectInputEvents = YES;
				INFOPLIST_KEY_UILaunchScreen_Generation = YES;
				INFOPLIST_KEY_UISupportedInterfaceOrientations = UIInterfaceOrientationPortrait;
				INFOPLIST_KEY_UISupportedInterfaceOrientations_iPad = "UIInterfaceOrientationLandscapeLeft UIInterfaceOrientationLandscapeRight UIInterfaceOrientationPortrait UIInterfaceOrientationPortraitUpsideDown";
				LD_RUNPATH_SEARCH_PATHS = (
					"$(inherited)",
					"@executable_path/Frameworks",
				);
				MARKETING_VERSION = 1.0;
				PRODUCT_BUNDLE_IDENTIFIER = no.teisrud.iOS;
				PRODUCT_NAME = "$(TARGET_NAME)";
				SUPPORTED_PLATFORMS = "iphoneos iphonesimulator";
				SUPPORTS_MACCATALYST = NO;
				SUPPORTS_MAC_DESIGNED_FOR_IPHONE_IPAD = NO;
				SWIFT_EMIT_LOC_STRINGS = YES;
				SWIFT_VERSION = 5.0;
				TARGETED_DEVICE_FAMILY = 1;
			};
			name = Release;
		};
		D09410DC28EB6860002FC78F /* Debug */ = {
			isa = XCBuildConfiguration;
			buildSettings = {
				ASSETCATALOG_COMPILER_APPICON_NAME = AppIcon;
				ASSETCATALOG_COMPILER_GLOBAL_ACCENT_COLOR_NAME = AccentColor;
				CODE_SIGN_STYLE = Automatic;
				CURRENT_PROJECT_VERSION = 1;
				DEVELOPMENT_ASSET_PATHS = "\"iPadOS/Preview Content\"";
				DEVELOPMENT_TEAM = JFQR2M654C;
				ENABLE_PREVIEWS = YES;
				GENERATE_INFOPLIST_FILE = YES;
				INFOPLIST_KEY_UIApplicationSceneManifest_Generation = YES;
				INFOPLIST_KEY_UIApplicationSupportsIndirectInputEvents = YES;
				INFOPLIST_KEY_UILaunchScreen_Generation = YES;
				INFOPLIST_KEY_UISupportedInterfaceOrientations = "UIInterfaceOrientationLandscapeLeft UIInterfaceOrientationLandscapeRight UIInterfaceOrientationPortrait";
				INFOPLIST_KEY_UISupportedInterfaceOrientations_iPad = "UIInterfaceOrientationLandscapeLeft UIInterfaceOrientationLandscapeRight";
				LD_RUNPATH_SEARCH_PATHS = (
					"$(inherited)",
					"@executable_path/Frameworks",
				);
				MARKETING_VERSION = 1.0;
				PRODUCT_BUNDLE_IDENTIFIER = no.teisrud.iPadOS;
				PRODUCT_NAME = "$(TARGET_NAME)";
				SUPPORTED_PLATFORMS = "iphoneos iphonesimulator";
				SUPPORTS_MACCATALYST = NO;
				SUPPORTS_MAC_DESIGNED_FOR_IPHONE_IPAD = NO;
				SWIFT_EMIT_LOC_STRINGS = YES;
				SWIFT_VERSION = 5.0;
				TARGETED_DEVICE_FAMILY = 2;
			};
			name = Debug;
		};
		D09410DD28EB6860002FC78F /* Release */ = {
			isa = XCBuildConfiguration;
			buildSettings = {
				ASSETCATALOG_COMPILER_APPICON_NAME = AppIcon;
				ASSETCATALOG_COMPILER_GLOBAL_ACCENT_COLOR_NAME = AccentColor;
				CODE_SIGN_STYLE = Automatic;
				CURRENT_PROJECT_VERSION = 1;
				DEVELOPMENT_ASSET_PATHS = "\"iPadOS/Preview Content\"";
				DEVELOPMENT_TEAM = JFQR2M654C;
				ENABLE_PREVIEWS = YES;
				GENERATE_INFOPLIST_FILE = YES;
				INFOPLIST_KEY_UIApplicationSceneManifest_Generation = YES;
				INFOPLIST_KEY_UIApplicationSupportsIndirectInputEvents = YES;
				INFOPLIST_KEY_UILaunchScreen_Generation = YES;
				INFOPLIST_KEY_UISupportedInterfaceOrientations = "UIInterfaceOrientationLandscapeLeft UIInterfaceOrientationLandscapeRight UIInterfaceOrientationPortrait";
				INFOPLIST_KEY_UISupportedInterfaceOrientations_iPad = "UIInterfaceOrientationLandscapeLeft UIInterfaceOrientationLandscapeRight";
				LD_RUNPATH_SEARCH_PATHS = (
					"$(inherited)",
					"@executable_path/Frameworks",
				);
				MARKETING_VERSION = 1.0;
				PRODUCT_BUNDLE_IDENTIFIER = no.teisrud.iPadOS;
				PRODUCT_NAME = "$(TARGET_NAME)";
				SUPPORTED_PLATFORMS = "iphoneos iphonesimulator";
				SUPPORTS_MACCATALYST = NO;
				SUPPORTS_MAC_DESIGNED_FOR_IPHONE_IPAD = NO;
				SWIFT_EMIT_LOC_STRINGS = YES;
				SWIFT_VERSION = 5.0;
				TARGETED_DEVICE_FAMILY = 2;
			};
			name = Release;
		};
		D09410EF28EB686C002FC78F /* Debug */ = {
			isa = XCBuildConfiguration;
			buildSettings = {
				ASSETCATALOG_COMPILER_APPICON_NAME = AppIcon;
				ASSETCATALOG_COMPILER_GLOBAL_ACCENT_COLOR_NAME = AccentColor;
				CODE_SIGN_ENTITLEMENTS = macOS/macOS.entitlements;
				CODE_SIGN_STYLE = Automatic;
				COMBINE_HIDPI_IMAGES = YES;
				CURRENT_PROJECT_VERSION = 1;
				DEVELOPMENT_ASSET_PATHS = "\"macOS/Preview Content\"";
				DEVELOPMENT_TEAM = JFQR2M654C;
				ENABLE_HARDENED_RUNTIME = YES;
				ENABLE_PREVIEWS = YES;
				GENERATE_INFOPLIST_FILE = YES;
				INFOPLIST_KEY_NSHumanReadableCopyright = "";
				LD_RUNPATH_SEARCH_PATHS = (
					"$(inherited)",
					"@executable_path/../Frameworks",
				);
				MACOSX_DEPLOYMENT_TARGET = 12.3;
				MARKETING_VERSION = 1.0;
				PRODUCT_BUNDLE_IDENTIFIER = no.teisrud.macOS;
				PRODUCT_NAME = "$(TARGET_NAME)";
				SDKROOT = macosx;
				SWIFT_EMIT_LOC_STRINGS = YES;
				SWIFT_VERSION = 5.0;
			};
			name = Debug;
		};
		D09410F028EB686C002FC78F /* Release */ = {
			isa = XCBuildConfiguration;
			buildSettings = {
				ASSETCATALOG_COMPILER_APPICON_NAME = AppIcon;
				ASSETCATALOG_COMPILER_GLOBAL_ACCENT_COLOR_NAME = AccentColor;
				CODE_SIGN_ENTITLEMENTS = macOS/macOS.entitlements;
				CODE_SIGN_STYLE = Automatic;
				COMBINE_HIDPI_IMAGES = YES;
				CURRENT_PROJECT_VERSION = 1;
				DEVELOPMENT_ASSET_PATHS = "\"macOS/Preview Content\"";
				DEVELOPMENT_TEAM = JFQR2M654C;
				ENABLE_HARDENED_RUNTIME = YES;
				ENABLE_PREVIEWS = YES;
				GENERATE_INFOPLIST_FILE = YES;
				INFOPLIST_KEY_NSHumanReadableCopyright = "";
				LD_RUNPATH_SEARCH_PATHS = (
					"$(inherited)",
					"@executable_path/../Frameworks",
				);
				MACOSX_DEPLOYMENT_TARGET = 12.3;
				MARKETING_VERSION = 1.0;
				PRODUCT_BUNDLE_IDENTIFIER = no.teisrud.macOS;
				PRODUCT_NAME = "$(TARGET_NAME)";
				SDKROOT = macosx;
				SWIFT_EMIT_LOC_STRINGS = YES;
				SWIFT_VERSION = 5.0;
			};
			name = Release;
		};
		D0F0274D28EB404E00F75DF7 /* Debug */ = {
			isa = XCBuildConfiguration;
			buildSettings = {
				ALWAYS_SEARCH_USER_PATHS = NO;
				CLANG_ANALYZER_NONNULL = YES;
				CLANG_ANALYZER_NUMBER_OBJECT_CONVERSION = YES_AGGRESSIVE;
				CLANG_CXX_LANGUAGE_STANDARD = "gnu++20";
				CLANG_ENABLE_MODULES = YES;
				CLANG_ENABLE_OBJC_ARC = YES;
				CLANG_ENABLE_OBJC_WEAK = YES;
				CLANG_WARN_BLOCK_CAPTURE_AUTORELEASING = YES;
				CLANG_WARN_BOOL_CONVERSION = YES;
				CLANG_WARN_COMMA = YES;
				CLANG_WARN_CONSTANT_CONVERSION = YES;
				CLANG_WARN_DEPRECATED_OBJC_IMPLEMENTATIONS = YES;
				CLANG_WARN_DIRECT_OBJC_ISA_USAGE = YES_ERROR;
				CLANG_WARN_DOCUMENTATION_COMMENTS = YES;
				CLANG_WARN_EMPTY_BODY = YES;
				CLANG_WARN_ENUM_CONVERSION = YES;
				CLANG_WARN_INFINITE_RECURSION = YES;
				CLANG_WARN_INT_CONVERSION = YES;
				CLANG_WARN_NON_LITERAL_NULL_CONVERSION = YES;
				CLANG_WARN_OBJC_IMPLICIT_RETAIN_SELF = YES;
				CLANG_WARN_OBJC_LITERAL_CONVERSION = YES;
				CLANG_WARN_OBJC_ROOT_CLASS = YES_ERROR;
				CLANG_WARN_QUOTED_INCLUDE_IN_FRAMEWORK_HEADER = YES;
				CLANG_WARN_RANGE_LOOP_ANALYSIS = YES;
				CLANG_WARN_STRICT_PROTOTYPES = YES;
				CLANG_WARN_SUSPICIOUS_MOVE = YES;
				CLANG_WARN_UNGUARDED_AVAILABILITY = YES_AGGRESSIVE;
				CLANG_WARN_UNREACHABLE_CODE = YES;
				CLANG_WARN__DUPLICATE_METHOD_MATCH = YES;
				COPY_PHASE_STRIP = NO;
				DEBUG_INFORMATION_FORMAT = dwarf;
				ENABLE_STRICT_OBJC_MSGSEND = YES;
				ENABLE_TESTABILITY = YES;
				GCC_C_LANGUAGE_STANDARD = gnu11;
				GCC_DYNAMIC_NO_PIC = NO;
				GCC_NO_COMMON_BLOCKS = YES;
				GCC_OPTIMIZATION_LEVEL = 0;
				GCC_PREPROCESSOR_DEFINITIONS = (
					"DEBUG=1",
					"$(inherited)",
				);
				GCC_WARN_64_TO_32_BIT_CONVERSION = YES;
				GCC_WARN_ABOUT_RETURN_TYPE = YES_ERROR;
				GCC_WARN_UNDECLARED_SELECTOR = YES;
				GCC_WARN_UNINITIALIZED_AUTOS = YES_AGGRESSIVE;
				GCC_WARN_UNUSED_FUNCTION = YES;
				GCC_WARN_UNUSED_VARIABLE = YES;
				IPHONEOS_DEPLOYMENT_TARGET = 16.0;
				MTL_ENABLE_DEBUG_INFO = INCLUDE_SOURCE;
				MTL_FAST_MATH = YES;
				ONLY_ACTIVE_ARCH = YES;
				SDKROOT = iphoneos;
				SWIFT_ACTIVE_COMPILATION_CONDITIONS = DEBUG;
				SWIFT_OPTIMIZATION_LEVEL = "-Onone";
			};
			name = Debug;
		};
		D0F0274E28EB404E00F75DF7 /* Release */ = {
			isa = XCBuildConfiguration;
			buildSettings = {
				ALWAYS_SEARCH_USER_PATHS = NO;
				CLANG_ANALYZER_NONNULL = YES;
				CLANG_ANALYZER_NUMBER_OBJECT_CONVERSION = YES_AGGRESSIVE;
				CLANG_CXX_LANGUAGE_STANDARD = "gnu++20";
				CLANG_ENABLE_MODULES = YES;
				CLANG_ENABLE_OBJC_ARC = YES;
				CLANG_ENABLE_OBJC_WEAK = YES;
				CLANG_WARN_BLOCK_CAPTURE_AUTORELEASING = YES;
				CLANG_WARN_BOOL_CONVERSION = YES;
				CLANG_WARN_COMMA = YES;
				CLANG_WARN_CONSTANT_CONVERSION = YES;
				CLANG_WARN_DEPRECATED_OBJC_IMPLEMENTATIONS = YES;
				CLANG_WARN_DIRECT_OBJC_ISA_USAGE = YES_ERROR;
				CLANG_WARN_DOCUMENTATION_COMMENTS = YES;
				CLANG_WARN_EMPTY_BODY = YES;
				CLANG_WARN_ENUM_CONVERSION = YES;
				CLANG_WARN_INFINITE_RECURSION = YES;
				CLANG_WARN_INT_CONVERSION = YES;
				CLANG_WARN_NON_LITERAL_NULL_CONVERSION = YES;
				CLANG_WARN_OBJC_IMPLICIT_RETAIN_SELF = YES;
				CLANG_WARN_OBJC_LITERAL_CONVERSION = YES;
				CLANG_WARN_OBJC_ROOT_CLASS = YES_ERROR;
				CLANG_WARN_QUOTED_INCLUDE_IN_FRAMEWORK_HEADER = YES;
				CLANG_WARN_RANGE_LOOP_ANALYSIS = YES;
				CLANG_WARN_STRICT_PROTOTYPES = YES;
				CLANG_WARN_SUSPICIOUS_MOVE = YES;
				CLANG_WARN_UNGUARDED_AVAILABILITY = YES_AGGRESSIVE;
				CLANG_WARN_UNREACHABLE_CODE = YES;
				CLANG_WARN__DUPLICATE_METHOD_MATCH = YES;
				COPY_PHASE_STRIP = NO;
				DEBUG_INFORMATION_FORMAT = "dwarf-with-dsym";
				ENABLE_NS_ASSERTIONS = NO;
				ENABLE_STRICT_OBJC_MSGSEND = YES;
				GCC_C_LANGUAGE_STANDARD = gnu11;
				GCC_NO_COMMON_BLOCKS = YES;
				GCC_WARN_64_TO_32_BIT_CONVERSION = YES;
				GCC_WARN_ABOUT_RETURN_TYPE = YES_ERROR;
				GCC_WARN_UNDECLARED_SELECTOR = YES;
				GCC_WARN_UNINITIALIZED_AUTOS = YES_AGGRESSIVE;
				GCC_WARN_UNUSED_FUNCTION = YES;
				GCC_WARN_UNUSED_VARIABLE = YES;
				IPHONEOS_DEPLOYMENT_TARGET = 16.0;
				MTL_ENABLE_DEBUG_INFO = NO;
				MTL_FAST_MATH = YES;
				SDKROOT = iphoneos;
				SWIFT_COMPILATION_MODE = wholemodule;
				SWIFT_OPTIMIZATION_LEVEL = "-O";
				VALIDATE_PRODUCT = YES;
			};
			name = Release;
		};
/* End XCBuildConfiguration section */

/* Begin XCConfigurationList section */
		D09410C928EB67D7002FC78F /* Build configuration list for PBXNativeTarget "CurriculumVitae (iOS)" */ = {
			isa = XCConfigurationList;
			buildConfigurations = (
				D09410CA28EB67D7002FC78F /* Debug */,
				D09410CB28EB67D7002FC78F /* Release */,
			);
			defaultConfigurationIsVisible = 0;
			defaultConfigurationName = Release;
		};
		D09410DB28EB6860002FC78F /* Build configuration list for PBXNativeTarget "CurriculumVitae (iPadOS)" */ = {
			isa = XCConfigurationList;
			buildConfigurations = (
				D09410DC28EB6860002FC78F /* Debug */,
				D09410DD28EB6860002FC78F /* Release */,
			);
			defaultConfigurationIsVisible = 0;
			defaultConfigurationName = Release;
		};
		D09410EE28EB686C002FC78F /* Build configuration list for PBXNativeTarget "CurriculumVitae (macOS)" */ = {
			isa = XCConfigurationList;
			buildConfigurations = (
				D09410EF28EB686C002FC78F /* Debug */,
				D09410F028EB686C002FC78F /* Release */,
			);
			defaultConfigurationIsVisible = 0;
			defaultConfigurationName = Release;
		};
		D0F0273C28EB404D00F75DF7 /* Build configuration list for PBXProject "CurriculumVitae" */ = {
			isa = XCConfigurationList;
			buildConfigurations = (
				D0F0274D28EB404E00F75DF7 /* Debug */,
				D0F0274E28EB404E00F75DF7 /* Release */,
			);
			defaultConfigurationIsVisible = 0;
			defaultConfigurationName = Release;
		};
/* End XCConfigurationList section */
	};
	rootObject = D0F0273928EB404D00F75DF7 /* Project object */;
}
